
Microsoft Visual Studio Solution File, Format Version 12.00
# Visual Studio Version 17
VisualStudioVersion = 17.4.33205.214
MinimumVisualStudioVersion = 10.0.40219.1
Project("{FAE04EC0-301F-11D3-BF4B-00C04F79EFBC}") = "PdfPlanReader", "PdfPlanReader\PdfPlanReader.csproj", "{1CCF71B4-3849-407F-BEF9-85D0B3BF8A42}"
EndProject
Global
	GlobalSection(SolutionConfigurationPlatforms) = preSolution
		Debug|Any CPU = Debug|Any CPU
		Release|Any CPU = Release|Any CPU
	EndGlobalSection
	GlobalSection(ProjectConfigurationPlatforms) = postSolution
		{1CCF71B4-3849-407F-BEF9-85D0B3BF8A42}.Debug|Any CPU.ActiveCfg = Debug|Any CPU
		{1CCF71B4-3849-407F-BEF9-85D0B3BF8A42}.Debug|Any CPU.Build.0 = Debug|Any CPU
		{1CCF71B4-3849-407F-BEF9-85D0B3BF8A42}.Release|Any CPU.ActiveCfg = Release|Any CPU
		{1CCF71B4-3849-407F-BEF9-85D0B3BF8A42}.Release|Any CPU.Build.0 = Release|Any CPU
	EndGlobalSection
	GlobalSection(SolutionProperties) = preSolution
		HideSolutionNode = FALSE
	EndGlobalSection
	GlobalSection(ExtensibilityGlobals) = postSolution
		SolutionGuid = {EADB94B8-E6CE-48C8-B3A0-B770A3A57A2B}
	EndGlobalSection
EndGlobal
